// !$*UTF8*$!
{
	archiveVersion = 1;
	classes = {
	};
	objectVersion = 56;
	objects = {

/* Begin PBXBuildFile section */
		97895D2C2975943C003E2878 /* WishListApp.swift in Sources */ = {isa = PBXBuildFile; fileRef = 97895D2B2975943C003E2878 /* WishListApp.swift */; };
		97895D2E2975943C003E2878 /* MyBoardView.swift in Sources */ = {isa = PBXBuildFile; fileRef = 97895D2D2975943C003E2878 /* MyBoardView.swift */; };
		97895D302975943E003E2878 /* Assets.xcassets in Resources */ = {isa = PBXBuildFile; fileRef = 97895D2F2975943E003E2878 /* Assets.xcassets */; };
		97895D332975943E003E2878 /* Preview Assets.xcassets in Resources */ = {isa = PBXBuildFile; fileRef = 97895D322975943E003E2878 /* Preview Assets.xcassets */; };
		97895D3D2975943E003E2878 /* WishListTests.swift in Sources */ = {isa = PBXBuildFile; fileRef = 97895D3C2975943E003E2878 /* WishListTests.swift */; };
		97895D472975943E003E2878 /* WishListUITests.swift in Sources */ = {isa = PBXBuildFile; fileRef = 97895D462975943E003E2878 /* WishListUITests.swift */; };
		97895D492975943E003E2878 /* WishListUITestsLaunchTests.swift in Sources */ = {isa = PBXBuildFile; fileRef = 97895D482975943E003E2878 /* WishListUITestsLaunchTests.swift */; };
		97895D562975C762003E2878 /* FakeItem.swift in Sources */ = {isa = PBXBuildFile; fileRef = 97895D552975C762003E2878 /* FakeItem.swift */; };
		97895D5C29782509003E2878 /* ItemDetailsScreenUI.swift in Sources */ = {isa = PBXBuildFile; fileRef = 97895D5B29782509003E2878 /* ItemDetailsScreenUI.swift */; };
		CD17A6CE29801BAD00784BDE /* FriendBoardScreen.swift in Sources */ = {isa = PBXBuildFile; fileRef = CD17A6CD29801BAD00784BDE /* FriendBoardScreen.swift */; };
		CD17A6D02980483000784BDE /* ItemCell.swift in Sources */ = {isa = PBXBuildFile; fileRef = CD17A6CF2980483000784BDE /* ItemCell.swift */; };
		CD4A232629770E8800CB665F /* SignInView.swift in Sources */ = {isa = PBXBuildFile; fileRef = CD4A232529770E8800CB665F /* SignInView.swift */; };
		CD4A23292979BFCA00CB665F /* StringExtension.swift in Sources */ = {isa = PBXBuildFile; fileRef = CD4A23282979BFCA00CB665F /* StringExtension.swift */; };
		CD4A232E2979CF2600CB665F /* FriendsView.swift in Sources */ = {isa = PBXBuildFile; fileRef = CD4A232D2979CF2600CB665F /* FriendsView.swift */; };
		CD4A2331297EC6A600CB665F /* FakeFriend.swift in Sources */ = {isa = PBXBuildFile; fileRef = CD4A2330297EC6A600CB665F /* FakeFriend.swift */; };
		CD6462B9297EEE9400246B3B /* TabBar.swift in Sources */ = {isa = PBXBuildFile; fileRef = CD6462B8297EEE9400246B3B /* TabBar.swift */; };
/* End PBXBuildFile section */

/* Begin PBXContainerItemProxy section */
		97895D392975943E003E2878 /* PBXContainerItemProxy */ = {
			isa = PBXContainerItemProxy;
			containerPortal = 97895D202975943C003E2878 /* Project object */;
			proxyType = 1;
			remoteGlobalIDString = 97895D272975943C003E2878;
			remoteInfo = WishList;
		};
		97895D432975943E003E2878 /* PBXContainerItemProxy */ = {
			isa = PBXContainerItemProxy;
			containerPortal = 97895D202975943C003E2878 /* Project object */;
			proxyType = 1;
			remoteGlobalIDString = 97895D272975943C003E2878;
			remoteInfo = WishList;
		};
/* End PBXContainerItemProxy section */

/* Begin PBXFileReference section */
		97895D282975943C003E2878 /* WishList.app */ = {isa = PBXFileReference; explicitFileType = wrapper.application; includeInIndex = 0; path = WishList.app; sourceTree = BUILT_PRODUCTS_DIR; };
		97895D2B2975943C003E2878 /* WishListApp.swift */ = {isa = PBXFileReference; lastKnownFileType = sourcecode.swift; path = WishListApp.swift; sourceTree = "<group>"; };
		97895D2D2975943C003E2878 /* MyBoardView.swift */ = {isa = PBXFileReference; lastKnownFileType = sourcecode.swift; path = MyBoardView.swift; sourceTree = "<group>"; };
		97895D2F2975943E003E2878 /* Assets.xcassets */ = {isa = PBXFileReference; lastKnownFileType = folder.assetcatalog; path = Assets.xcassets; sourceTree = "<group>"; };
		97895D322975943E003E2878 /* Preview Assets.xcassets */ = {isa = PBXFileReference; lastKnownFileType = folder.assetcatalog; path = "Preview Assets.xcassets"; sourceTree = "<group>"; };
		97895D382975943E003E2878 /* WishListTests.xctest */ = {isa = PBXFileReference; explicitFileType = wrapper.cfbundle; includeInIndex = 0; path = WishListTests.xctest; sourceTree = BUILT_PRODUCTS_DIR; };
		97895D3C2975943E003E2878 /* WishListTests.swift */ = {isa = PBXFileReference; lastKnownFileType = sourcecode.swift; path = WishListTests.swift; sourceTree = "<group>"; };
		97895D422975943E003E2878 /* WishListUITests.xctest */ = {isa = PBXFileReference; explicitFileType = wrapper.cfbundle; includeInIndex = 0; path = WishListUITests.xctest; sourceTree = BUILT_PRODUCTS_DIR; };
		97895D462975943E003E2878 /* WishListUITests.swift */ = {isa = PBXFileReference; lastKnownFileType = sourcecode.swift; path = WishListUITests.swift; sourceTree = "<group>"; };
		97895D482975943E003E2878 /* WishListUITestsLaunchTests.swift */ = {isa = PBXFileReference; lastKnownFileType = sourcecode.swift; path = WishListUITestsLaunchTests.swift; sourceTree = "<group>"; };
		97895D552975C762003E2878 /* FakeItem.swift */ = {isa = PBXFileReference; lastKnownFileType = sourcecode.swift; path = FakeItem.swift; sourceTree = "<group>"; };
		97895D572976FFB7003E2878 /* Info.plist */ = {isa = PBXFileReference; lastKnownFileType = text.plist; path = Info.plist; sourceTree = "<group>"; };
		97895D5B29782509003E2878 /* ItemDetailsScreenUI.swift */ = {isa = PBXFileReference; lastKnownFileType = sourcecode.swift; path = ItemDetailsScreenUI.swift; sourceTree = "<group>"; };
		CD17A6CD29801BAD00784BDE /* FriendBoardScreen.swift */ = {isa = PBXFileReference; lastKnownFileType = sourcecode.swift; path = FriendBoardScreen.swift; sourceTree = "<group>"; };
		CD17A6CF2980483000784BDE /* ItemCell.swift */ = {isa = PBXFileReference; lastKnownFileType = sourcecode.swift; path = ItemCell.swift; sourceTree = "<group>"; };
		CD4A232529770E8800CB665F /* SignInView.swift */ = {isa = PBXFileReference; fileEncoding = 4; lastKnownFileType = sourcecode.swift; path = SignInView.swift; sourceTree = "<group>"; };
		CD4A23282979BFCA00CB665F /* StringExtension.swift */ = {isa = PBXFileReference; lastKnownFileType = sourcecode.swift; path = StringExtension.swift; sourceTree = "<group>"; };
		CD4A232D2979CF2600CB665F /* FriendsView.swift */ = {isa = PBXFileReference; lastKnownFileType = sourcecode.swift; path = FriendsView.swift; sourceTree = "<group>"; };
		CD4A2330297EC6A600CB665F /* FakeFriend.swift */ = {isa = PBXFileReference; lastKnownFileType = sourcecode.swift; path = FakeFriend.swift; sourceTree = "<group>"; };
		CD6462B8297EEE9400246B3B /* TabBar.swift */ = {isa = PBXFileReference; fileEncoding = 4; lastKnownFileType = sourcecode.swift; path = TabBar.swift; sourceTree = "<group>"; };
/* End PBXFileReference section */

/* Begin PBXFrameworksBuildPhase section */
		97895D252975943C003E2878 /* Frameworks */ = {
			isa = PBXFrameworksBuildPhase;
			buildActionMask = 2147483647;
			files = (
			);
			runOnlyForDeploymentPostprocessing = 0;
		};
		97895D352975943E003E2878 /* Frameworks */ = {
			isa = PBXFrameworksBuildPhase;
			buildActionMask = 2147483647;
			files = (
			);
			runOnlyForDeploymentPostprocessing = 0;
		};
		97895D3F2975943E003E2878 /* Frameworks */ = {
			isa = PBXFrameworksBuildPhase;
			buildActionMask = 2147483647;
			files = (
			);
			runOnlyForDeploymentPostprocessing = 0;
		};
/* End PBXFrameworksBuildPhase section */

/* Begin PBXGroup section */
		97895D1F2975943C003E2878 = {
			isa = PBXGroup;
			children = (
				97895D2A2975943C003E2878 /* WishList */,
				97895D3B2975943E003E2878 /* WishListTests */,
				97895D452975943E003E2878 /* WishListUITests */,
				97895D292975943C003E2878 /* Products */,
			);
			sourceTree = "<group>";
		};
		97895D292975943C003E2878 /* Products */ = {
			isa = PBXGroup;
			children = (
				97895D282975943C003E2878 /* WishList.app */,
				97895D382975943E003E2878 /* WishListTests.xctest */,
				97895D422975943E003E2878 /* WishListUITests.xctest */,
			);
			name = Products;
			sourceTree = "<group>";
		};
		97895D2A2975943C003E2878 /* WishList */ = {
			isa = PBXGroup;
			children = (
				CD4A23272979BFB900CB665F /* Utils */,
				97895D572976FFB7003E2878 /* Info.plist */,
				97895D2B2975943C003E2878 /* WishListApp.swift */,
				CD6462B8297EEE9400246B3B /* TabBar.swift */,
				CD4A232F297EC67600CB665F /* Friends */,
				CD4A232C2979CBBE00CB665F /* My board */,
				CD4A232529770E8800CB665F /* SignInView.swift */,
				97895D2F2975943E003E2878 /* Assets.xcassets */,
				97895D312975943E003E2878 /* Preview Content */,
			);
			path = WishList;
			sourceTree = "<group>";
		};
		97895D312975943E003E2878 /* Preview Content */ = {
			isa = PBXGroup;
			children = (
				97895D322975943E003E2878 /* Preview Assets.xcassets */,
			);
			path = "Preview Content";
			sourceTree = "<group>";
		};
		97895D3B2975943E003E2878 /* WishListTests */ = {
			isa = PBXGroup;
			children = (
				97895D3C2975943E003E2878 /* WishListTests.swift */,
			);
			path = WishListTests;
			sourceTree = "<group>";
		};
		97895D452975943E003E2878 /* WishListUITests */ = {
			isa = PBXGroup;
			children = (
				97895D462975943E003E2878 /* WishListUITests.swift */,
				97895D482975943E003E2878 /* WishListUITestsLaunchTests.swift */,
			);
			path = WishListUITests;
			sourceTree = "<group>";
		};
		CD4A23272979BFB900CB665F /* Utils */ = {
			isa = PBXGroup;
			children = (
				CD4A23282979BFCA00CB665F /* StringExtension.swift */,
			);
			path = Utils;
			sourceTree = "<group>";
		};
		CD4A232C2979CBBE00CB665F /* My board */ = {
			isa = PBXGroup;
			children = (
				97895D2D2975943C003E2878 /* MyBoardView.swift */,
				CD17A6CF2980483000784BDE /* ItemCell.swift */,
				97895D552975C762003E2878 /* FakeItem.swift */,
				97895D5B29782509003E2878 /* ItemDetailsScreenUI.swift */,
			);
			path = "My board";
			sourceTree = "<group>";
		};
		CD4A232F297EC67600CB665F /* Friends */ = {
			isa = PBXGroup;
			children = (
				CD4A232D2979CF2600CB665F /* FriendsView.swift */,
				CD4A2330297EC6A600CB665F /* FakeFriend.swift */,
				CD17A6CD29801BAD00784BDE /* FriendBoardScreen.swift */,
			);
			path = Friends;
			sourceTree = "<group>";
		};
/* End PBXGroup section */

/* Begin PBXNativeTarget section */
		97895D272975943C003E2878 /* WishList */ = {
			isa = PBXNativeTarget;
			buildConfigurationList = 97895D4C2975943E003E2878 /* Build configuration list for PBXNativeTarget "WishList" */;
			buildPhases = (
				97895D242975943C003E2878 /* Sources */,
				97895D252975943C003E2878 /* Frameworks */,
				97895D262975943C003E2878 /* Resources */,
			);
			buildRules = (
			);
			dependencies = (
			);
			name = WishList;
			productName = WishList;
			productReference = 97895D282975943C003E2878 /* WishList.app */;
			productType = "com.apple.product-type.application";
		};
		97895D372975943E003E2878 /* WishListTests */ = {
			isa = PBXNativeTarget;
			buildConfigurationList = 97895D4F2975943E003E2878 /* Build configuration list for PBXNativeTarget "WishListTests" */;
			buildPhases = (
				97895D342975943E003E2878 /* Sources */,
				97895D352975943E003E2878 /* Frameworks */,
				97895D362975943E003E2878 /* Resources */,
			);
			buildRules = (
			);
			dependencies = (
				97895D3A2975943E003E2878 /* PBXTargetDependency */,
			);
			name = WishListTests;
			productName = WishListTests;
			productReference = 97895D382975943E003E2878 /* WishListTests.xctest */;
			productType = "com.apple.product-type.bundle.unit-test";
		};
		97895D412975943E003E2878 /* WishListUITests */ = {
			isa = PBXNativeTarget;
			buildConfigurationList = 97895D522975943E003E2878 /* Build configuration list for PBXNativeTarget "WishListUITests" */;
			buildPhases = (
				97895D3E2975943E003E2878 /* Sources */,
				97895D3F2975943E003E2878 /* Frameworks */,
				97895D402975943E003E2878 /* Resources */,
			);
			buildRules = (
			);
			dependencies = (
				97895D442975943E003E2878 /* PBXTargetDependency */,
			);
			name = WishListUITests;
			productName = WishListUITests;
			productReference = 97895D422975943E003E2878 /* WishListUITests.xctest */;
			productType = "com.apple.product-type.bundle.ui-testing";
		};
/* End PBXNativeTarget section */

/* Begin PBXProject section */
		97895D202975943C003E2878 /* Project object */ = {
			isa = PBXProject;
			attributes = {
				BuildIndependentTargetsInParallel = 1;
				LastSwiftUpdateCheck = 1420;
				LastUpgradeCheck = 1420;
				TargetAttributes = {
					97895D272975943C003E2878 = {
						CreatedOnToolsVersion = 14.2;
					};
					97895D372975943E003E2878 = {
						CreatedOnToolsVersion = 14.2;
						TestTargetID = 97895D272975943C003E2878;
					};
					97895D412975943E003E2878 = {
						CreatedOnToolsVersion = 14.2;
						TestTargetID = 97895D272975943C003E2878;
					};
				};
			};
			buildConfigurationList = 97895D232975943C003E2878 /* Build configuration list for PBXProject "WishList" */;
			compatibilityVersion = "Xcode 14.0";
			developmentRegion = en;
			hasScannedForEncodings = 0;
			knownRegions = (
				en,
				Base,
			);
			mainGroup = 97895D1F2975943C003E2878;
			productRefGroup = 97895D292975943C003E2878 /* Products */;
			projectDirPath = "";
			projectRoot = "";
			targets = (
				97895D272975943C003E2878 /* WishList */,
				97895D372975943E003E2878 /* WishListTests */,
				97895D412975943E003E2878 /* WishListUITests */,
			);
		};
/* End PBXProject section */

/* Begin PBXResourcesBuildPhase section */
		97895D262975943C003E2878 /* Resources */ = {
			isa = PBXResourcesBuildPhase;
			buildActionMask = 2147483647;
			files = (
				97895D332975943E003E2878 /* Preview Assets.xcassets in Resources */,
				97895D302975943E003E2878 /* Assets.xcassets in Resources */,
			);
			runOnlyForDeploymentPostprocessing = 0;
		};
		97895D362975943E003E2878 /* Resources */ = {
			isa = PBXResourcesBuildPhase;
			buildActionMask = 2147483647;
			files = (
			);
			runOnlyForDeploymentPostprocessing = 0;
		};
		97895D402975943E003E2878 /* Resources */ = {
			isa = PBXResourcesBuildPhase;
			buildActionMask = 2147483647;
			files = (
			);
			runOnlyForDeploymentPostprocessing = 0;
		};
/* End PBXResourcesBuildPhase section */

/* Begin PBXSourcesBuildPhase section */
		97895D242975943C003E2878 /* Sources */ = {
			isa = PBXSourcesBuildPhase;
			buildActionMask = 2147483647;
			files = (
				CD17A6CE29801BAD00784BDE /* FriendBoardScreen.swift in Sources */,
				CD6462B9297EEE9400246B3B /* TabBar.swift in Sources */,
				97895D2E2975943C003E2878 /* MyBoardView.swift in Sources */,
				CD17A6D02980483000784BDE /* ItemCell.swift in Sources */,
				97895D562975C762003E2878 /* FakeItem.swift in Sources */,
				CD4A2331297EC6A600CB665F /* FakeFriend.swift in Sources */,
				CD4A232E2979CF2600CB665F /* FriendsView.swift in Sources */,
				CD4A23292979BFCA00CB665F /* StringExtension.swift in Sources */,
				CD4A232629770E8800CB665F /* SignInView.swift in Sources */,
				97895D5C29782509003E2878 /* ItemDetailsScreenUI.swift in Sources */,
				97895D2C2975943C003E2878 /* WishListApp.swift in Sources */,
			);
			runOnlyForDeploymentPostprocessing = 0;
		};
		97895D342975943E003E2878 /* Sources */ = {
			isa = PBXSourcesBuildPhase;
			buildActionMask = 2147483647;
			files = (
				97895D3D2975943E003E2878 /* WishListTests.swift in Sources */,
			);
			runOnlyForDeploymentPostprocessing = 0;
		};
		97895D3E2975943E003E2878 /* Sources */ = {
			isa = PBXSourcesBuildPhase;
			buildActionMask = 2147483647;
			files = (
				97895D492975943E003E2878 /* WishListUITestsLaunchTests.swift in Sources */,
				97895D472975943E003E2878 /* WishListUITests.swift in Sources */,
			);
			runOnlyForDeploymentPostprocessing = 0;
		};
/* End PBXSourcesBuildPhase section */

/* Begin PBXTargetDependency section */
		97895D3A2975943E003E2878 /* PBXTargetDependency */ = {
			isa = PBXTargetDependency;
			target = 97895D272975943C003E2878 /* WishList */;
			targetProxy = 97895D392975943E003E2878 /* PBXContainerItemProxy */;
		};
		97895D442975943E003E2878 /* PBXTargetDependency */ = {
			isa = PBXTargetDependency;
			target = 97895D272975943C003E2878 /* WishList */;
			targetProxy = 97895D432975943E003E2878 /* PBXContainerItemProxy */;
		};
/* End PBXTargetDependency section */

/* Begin XCBuildConfiguration section */
		97895D4A2975943E003E2878 /* Debug */ = {
			isa = XCBuildConfiguration;
			buildSettings = {
				ALWAYS_SEARCH_USER_PATHS = NO;
				CLANG_ANALYZER_NONNULL = YES;
				CLANG_ANALYZER_NUMBER_OBJECT_CONVERSION = YES_AGGRESSIVE;
				CLANG_CXX_LANGUAGE_STANDARD = "gnu++20";
				CLANG_ENABLE_MODULES = YES;
				CLANG_ENABLE_OBJC_ARC = YES;
				CLANG_ENABLE_OBJC_WEAK = YES;
				CLANG_WARN_BLOCK_CAPTURE_AUTORELEASING = YES;
				CLANG_WARN_BOOL_CONVERSION = YES;
				CLANG_WARN_COMMA = YES;
				CLANG_WARN_CONSTANT_CONVERSION = YES;
				CLANG_WARN_DEPRECATED_OBJC_IMPLEMENTATIONS = YES;
				CLANG_WARN_DIRECT_OBJC_ISA_USAGE = YES_ERROR;
				CLANG_WARN_DOCUMENTATION_COMMENTS = YES;
				CLANG_WARN_EMPTY_BODY = YES;
				CLANG_WARN_ENUM_CONVERSION = YES;
				CLANG_WARN_INFINITE_RECURSION = YES;
				CLANG_WARN_INT_CONVERSION = YES;
				CLANG_WARN_NON_LITERAL_NULL_CONVERSION = YES;
				CLANG_WARN_OBJC_IMPLICIT_RETAIN_SELF = YES;
				CLANG_WARN_OBJC_LITERAL_CONVERSION = YES;
				CLANG_WARN_OBJC_ROOT_CLASS = YES_ERROR;
				CLANG_WARN_QUOTED_INCLUDE_IN_FRAMEWORK_HEADER = YES;
				CLANG_WARN_RANGE_LOOP_ANALYSIS = YES;
				CLANG_WARN_STRICT_PROTOTYPES = YES;
				CLANG_WARN_SUSPICIOUS_MOVE = YES;
				CLANG_WARN_UNGUARDED_AVAILABILITY = YES_AGGRESSIVE;
				CLANG_WARN_UNREACHABLE_CODE = YES;
				CLANG_WARN__DUPLICATE_METHOD_MATCH = YES;
				COPY_PHASE_STRIP = NO;
				DEBUG_INFORMATION_FORMAT = dwarf;
				ENABLE_STRICT_OBJC_MSGSEND = YES;
				ENABLE_TESTABILITY = YES;
				GCC_C_LANGUAGE_STANDARD = gnu11;
				GCC_DYNAMIC_NO_PIC = NO;
				GCC_NO_COMMON_BLOCKS = YES;
				GCC_OPTIMIZATION_LEVEL = 0;
				GCC_PREPROCESSOR_DEFINITIONS = (
					"DEBUG=1",
					"$(inherited)",
				);
				GCC_WARN_64_TO_32_BIT_CONVERSION = YES;
				GCC_WARN_ABOUT_RETURN_TYPE = YES_ERROR;
				GCC_WARN_UNDECLARED_SELECTOR = YES;
				GCC_WARN_UNINITIALIZED_AUTOS = YES_AGGRESSIVE;
				GCC_WARN_UNUSED_FUNCTION = YES;
				GCC_WARN_UNUSED_VARIABLE = YES;
				IPHONEOS_DEPLOYMENT_TARGET = 16.2;
				MTL_ENABLE_DEBUG_INFO = INCLUDE_SOURCE;
				MTL_FAST_MATH = YES;
				ONLY_ACTIVE_ARCH = YES;
				SDKROOT = iphoneos;
				SWIFT_ACTIVE_COMPILATION_CONDITIONS = DEBUG;
				SWIFT_OPTIMIZATION_LEVEL = "-Onone";
			};
			name = Debug;
		};
		97895D4B2975943E003E2878 /* Release */ = {
			isa = XCBuildConfiguration;
			buildSettings = {
				ALWAYS_SEARCH_USER_PATHS = NO;
				CLANG_ANALYZER_NONNULL = YES;
				CLANG_ANALYZER_NUMBER_OBJECT_CONVERSION = YES_AGGRESSIVE;
				CLANG_CXX_LANGUAGE_STANDARD = "gnu++20";
				CLANG_ENABLE_MODULES = YES;
				CLANG_ENABLE_OBJC_ARC = YES;
				CLANG_ENABLE_OBJC_WEAK = YES;
				CLANG_WARN_BLOCK_CAPTURE_AUTORELEASING = YES;
				CLANG_WARN_BOOL_CONVERSION = YES;
				CLANG_WARN_COMMA = YES;
				CLANG_WARN_CONSTANT_CONVERSION = YES;
				CLANG_WARN_DEPRECATED_OBJC_IMPLEMENTATIONS = YES;
				CLANG_WARN_DIRECT_OBJC_ISA_USAGE = YES_ERROR;
				CLANG_WARN_DOCUMENTATION_COMMENTS = YES;
				CLANG_WARN_EMPTY_BODY = YES;
				CLANG_WARN_ENUM_CONVERSION = YES;
				CLANG_WARN_INFINITE_RECURSION = YES;
				CLANG_WARN_INT_CONVERSION = YES;
				CLANG_WARN_NON_LITERAL_NULL_CONVERSION = YES;
				CLANG_WARN_OBJC_IMPLICIT_RETAIN_SELF = YES;
				CLANG_WARN_OBJC_LITERAL_CONVERSION = YES;
				CLANG_WARN_OBJC_ROOT_CLASS = YES_ERROR;
				CLANG_WARN_QUOTED_INCLUDE_IN_FRAMEWORK_HEADER = YES;
				CLANG_WARN_RANGE_LOOP_ANALYSIS = YES;
				CLANG_WARN_STRICT_PROTOTYPES = YES;
				CLANG_WARN_SUSPICIOUS_MOVE = YES;
				CLANG_WARN_UNGUARDED_AVAILABILITY = YES_AGGRESSIVE;
				CLANG_WARN_UNREACHABLE_CODE = YES;
				CLANG_WARN__DUPLICATE_METHOD_MATCH = YES;
				COPY_PHASE_STRIP = NO;
				DEBUG_INFORMATION_FORMAT = "dwarf-with-dsym";
				ENABLE_NS_ASSERTIONS = NO;
				ENABLE_STRICT_OBJC_MSGSEND = YES;
				GCC_C_LANGUAGE_STANDARD = gnu11;
				GCC_NO_COMMON_BLOCKS = YES;
				GCC_WARN_64_TO_32_BIT_CONVERSION = YES;
				GCC_WARN_ABOUT_RETURN_TYPE = YES_ERROR;
				GCC_WARN_UNDECLARED_SELECTOR = YES;
				GCC_WARN_UNINITIALIZED_AUTOS = YES_AGGRESSIVE;
				GCC_WARN_UNUSED_FUNCTION = YES;
				GCC_WARN_UNUSED_VARIABLE = YES;
				IPHONEOS_DEPLOYMENT_TARGET = 16.2;
				MTL_ENABLE_DEBUG_INFO = NO;
				MTL_FAST_MATH = YES;
				SDKROOT = iphoneos;
				SWIFT_COMPILATION_MODE = wholemodule;
				SWIFT_OPTIMIZATION_LEVEL = "-O";
				VALIDATE_PRODUCT = YES;
			};
			name = Release;
		};
		97895D4D2975943E003E2878 /* Debug */ = {
			isa = XCBuildConfiguration;
			buildSettings = {
				ASSETCATALOG_COMPILER_APPICON_NAME = AppIcon;
				ASSETCATALOG_COMPILER_GLOBAL_ACCENT_COLOR_NAME = AccentColor;
				CODE_SIGN_STYLE = Automatic;
				CURRENT_PROJECT_VERSION = 1;
				DEVELOPMENT_ASSET_PATHS = "\"WishList/Preview Content\"";
				ENABLE_PREVIEWS = YES;
				GENERATE_INFOPLIST_FILE = YES;
				INFOPLIST_FILE = WishList/Info.plist;
				INFOPLIST_KEY_UIApplicationSupportsIndirectInputEvents = YES;
				INFOPLIST_KEY_UILaunchScreen_Generation = YES;
				INFOPLIST_KEY_UISupportedInterfaceOrientations_iPad = "UIInterfaceOrientationPortrait UIInterfaceOrientationPortraitUpsideDown UIInterfaceOrientationLandscapeLeft UIInterfaceOrientationLandscapeRight";
				INFOPLIST_KEY_UISupportedInterfaceOrientations_iPhone = "UIInterfaceOrientationPortrait UIInterfaceOrientationLandscapeLeft UIInterfaceOrientationLandscapeRight";
				LD_RUNPATH_SEARCH_PATHS = (
					"$(inherited)",
					"@executable_path/Frameworks",
				);
				MARKETING_VERSION = 1.0;
				PRODUCT_BUNDLE_IDENTIFIER = Balcardev.WishList;
				PRODUCT_NAME = "$(TARGET_NAME)";
				SWIFT_EMIT_LOC_STRINGS = YES;
				SWIFT_VERSION = 5.0;
				TARGETED_DEVICE_FAMILY = "1,2";
			};
			name = Debug;
		};
		97895D4E2975943E003E2878 /* Release */ = {
			isa = XCBuildConfiguration;
			buildSettings = {
				ASSETCATALOG_COMPILER_APPICON_NAME = AppIcon;
				ASSETCATALOG_COMPILER_GLOBAL_ACCENT_COLOR_NAME = AccentColor;
				CODE_SIGN_STYLE = Automatic;
				CURRENT_PROJECT_VERSION = 1;
				DEVELOPMENT_ASSET_PATHS = "\"WishList/Preview Content\"";
				ENABLE_PREVIEWS = YES;
				GENERATE_INFOPLIST_FILE = YES;
				INFOPLIST_FILE = WishList/Info.plist;
				INFOPLIST_KEY_UIApplicationSupportsIndirectInputEvents = YES;
				INFOPLIST_KEY_UILaunchScreen_Generation = YES;
				INFOPLIST_KEY_UISupportedInterfaceOrientations_iPad = "UIInterfaceOrientationPortrait UIInterfaceOrientationPortraitUpsideDown UIInterfaceOrientationLandscapeLeft UIInterfaceOrientationLandscapeRight";
				INFOPLIST_KEY_UISupportedInterfaceOrientations_iPhone = "UIInterfaceOrientationPortrait UIInterfaceOrientationLandscapeLeft UIInterfaceOrientationLandscapeRight";
				LD_RUNPATH_SEARCH_PATHS = (
					"$(inherited)",
					"@executable_path/Frameworks",
				);
				MARKETING_VERSION = 1.0;
				PRODUCT_BUNDLE_IDENTIFIER = Balcardev.WishList;
				PRODUCT_NAME = "$(TARGET_NAME)";
				SWIFT_EMIT_LOC_STRINGS = YES;
				SWIFT_VERSION = 5.0;
				TARGETED_DEVICE_FAMILY = "1,2";
			};
			name = Release;
		};
		97895D502975943E003E2878 /* Debug */ = {
			isa = XCBuildConfiguration;
			buildSettings = {
				ALWAYS_EMBED_SWIFT_STANDARD_LIBRARIES = YES;
				BUNDLE_LOADER = "$(TEST_HOST)";
				CODE_SIGN_STYLE = Automatic;
				CURRENT_PROJECT_VERSION = 1;
				GENERATE_INFOPLIST_FILE = YES;
				IPHONEOS_DEPLOYMENT_TARGET = 16.2;
				MARKETING_VERSION = 1.0;
				PRODUCT_BUNDLE_IDENTIFIER = Balcardev.WishListTests;
				PRODUCT_NAME = "$(TARGET_NAME)";
				SWIFT_EMIT_LOC_STRINGS = NO;
				SWIFT_VERSION = 5.0;
				TARGETED_DEVICE_FAMILY = "1,2";
				TEST_HOST = "$(BUILT_PRODUCTS_DIR)/WishList.app/$(BUNDLE_EXECUTABLE_FOLDER_PATH)/WishList";
			};
			name = Debug;
		};
		97895D512975943E003E2878 /* Release */ = {
			isa = XCBuildConfiguration;
			buildSettings = {
				ALWAYS_EMBED_SWIFT_STANDARD_LIBRARIES = YES;
				BUNDLE_LOADER = "$(TEST_HOST)";
				CODE_SIGN_STYLE = Automatic;
				CURRENT_PROJECT_VERSION = 1;
				GENERATE_INFOPLIST_FILE = YES;
				IPHONEOS_DEPLOYMENT_TARGET = 16.2;
				MARKETING_VERSION = 1.0;
				PRODUCT_BUNDLE_IDENTIFIER = Balcardev.WishListTests;
				PRODUCT_NAME = "$(TARGET_NAME)";
				SWIFT_EMIT_LOC_STRINGS = NO;
				SWIFT_VERSION = 5.0;
				TARGETED_DEVICE_FAMILY = "1,2";
				TEST_HOST = "$(BUILT_PRODUCTS_DIR)/WishList.app/$(BUNDLE_EXECUTABLE_FOLDER_PATH)/WishList";
			};
			name = Release;
		};
		97895D532975943E003E2878 /* Debug */ = {
			isa = XCBuildConfiguration;
			buildSettings = {
				ALWAYS_EMBED_SWIFT_STANDARD_LIBRARIES = YES;
				CODE_SIGN_STYLE = Automatic;
				CURRENT_PROJECT_VERSION = 1;
				GENERATE_INFOPLIST_FILE = YES;
				MARKETING_VERSION = 1.0;
				PRODUCT_BUNDLE_IDENTIFIER = Balcardev.WishListUITests;
				PRODUCT_NAME = "$(TARGET_NAME)";
				SWIFT_EMIT_LOC_STRINGS = NO;
				SWIFT_VERSION = 5.0;
				TARGETED_DEVICE_FAMILY = "1,2";
				TEST_TARGET_NAME = WishList;
			};
			name = Debug;
		};
		97895D542975943E003E2878 /* Release */ = {
			isa = XCBuildConfiguration;
			buildSettings = {
				ALWAYS_EMBED_SWIFT_STANDARD_LIBRARIES = YES;
				CODE_SIGN_STYLE = Automatic;
				CURRENT_PROJECT_VERSION = 1;
				GENERATE_INFOPLIST_FILE = YES;
				MARKETING_VERSION = 1.0;
				PRODUCT_BUNDLE_IDENTIFIER = Balcardev.WishListUITests;
				PRODUCT_NAME = "$(TARGET_NAME)";
				SWIFT_EMIT_LOC_STRINGS = NO;
				SWIFT_VERSION = 5.0;
				TARGETED_DEVICE_FAMILY = "1,2";
				TEST_TARGET_NAME = WishList;
			};
			name = Release;
		};
/* End XCBuildConfiguration section */

/* Begin XCConfigurationList section */
		97895D232975943C003E2878 /* Build configuration list for PBXProject "WishList" */ = {
			isa = XCConfigurationList;
			buildConfigurations = (
				97895D4A2975943E003E2878 /* Debug */,
				97895D4B2975943E003E2878 /* Release */,
			);
			defaultConfigurationIsVisible = 0;
			defaultConfigurationName = Release;
		};
		97895D4C2975943E003E2878 /* Build configuration list for PBXNativeTarget "WishList" */ = {
			isa = XCConfigurationList;
			buildConfigurations = (
				97895D4D2975943E003E2878 /* Debug */,
				97895D4E2975943E003E2878 /* Release */,
			);
			defaultConfigurationIsVisible = 0;
			defaultConfigurationName = Release;
		};
		97895D4F2975943E003E2878 /* Build configuration list for PBXNativeTarget "WishListTests" */ = {
			isa = XCConfigurationList;
			buildConfigurations = (
				97895D502975943E003E2878 /* Debug */,
				97895D512975943E003E2878 /* Release */,
			);
			defaultConfigurationIsVisible = 0;
			defaultConfigurationName = Release;
		};
		97895D522975943E003E2878 /* Build configuration list for PBXNativeTarget "WishListUITests" */ = {
			isa = XCConfigurationList;
			buildConfigurations = (
				97895D532975943E003E2878 /* Debug */,
				97895D542975943E003E2878 /* Release */,
			);
			defaultConfigurationIsVisible = 0;
			defaultConfigurationName = Release;
		};
/* End XCConfigurationList section */
	};
	rootObject = 97895D202975943C003E2878 /* Project object */;
}
